{
    "name": "aws-lambda-handler-cookbook",
    "lockfileVersion": 3,
    "requires": true,
    "packages": {
        "": {
            "dependencies": {
                "aws-cdk": "2.102.0"
            }
        },
        "node_modules/aws-cdk": {
            "version": "2.102.0",
            "resolved": "https://registry.npmjs.org/aws-cdk/-/aws-cdk-2.102.0.tgz",
            "integrity": "sha512-q+FQSeX/25QvZ1/Fxjr7GydMY/WR/+iTif2EiaN7rUlEEZx27o0I5k1p9YmTNUGiBl13ZvggIJjwTRmnL7E/lg==",
            "bin": {
                "cdk": "bin/cdk"
            },
            "engines": {
                "node": ">= 14.15.0"
            },
            "optionalDependencies": {
                "fsevents": "2.3.2"
            }
        },
        "node_modules/fsevents": {
            "version": "2.3.2",
            "resolved": "https://registry.npmjs.org/fsevents/-/fsevents-2.3.2.tgz",
            "integrity": "sha512-xiqMQR4xAeHTuB9uWm+fFRcIOgKBMiOBP+eXiyT7jsgVCq1bkVygt00oASowB7EdtpOHaaPgKt812P9ab+DDKA==",
            "hasInstallScript": true,
            "optional": true,
            "os": [
                "darwin"
            ],
            "engines": {
                "node": "^8.16.0 || ^10.6.0 || >=11.0.0"
            }
        }
    }
}
