{
    "_meta": {
        "hash": {
            "sha256": "483199a4e7d04759623434442342c1f21c2d55f92d1dd4bf9029758fbb196bbf"
        },
        "pipfile-spec": 6,
        "requires": {
            "python_version": ">=3.7"
        },
        "sources": [
            {
                "name": "pypi",
                "url": "https://pypi.org/simple",
                "verify_ssl": true
            }
        ]
    },
    "default": {
        "aws-lambda-powertools": {
            "extras": [
                "pydantic"
            ],
            "hashes": [
                "sha256:6e7ac6429b53951c659e69d0834da3fe5ea04241e22ee2526c59920cdc4a92d2",
                "sha256:8a2705bcad83b3f269635813c89952158b6a8f1d82f2b0c6ed794bc87f000235"
            ],
            "index": "pypi",
            "version": "==1.10.5"
        },
        "aws-xray-sdk": {
            "hashes": [
                "sha256:076f7c610cd3564bbba3507d43e328fb6ff4a2e841d3590f39b2c3ce99d41e1d",
                "sha256:abf5b90f740e1f402e23414c9670e59cb9772e235e271fef2bce62b9100cbc77"
            ],
            "version": "==2.6.0"
        },
        "boto3": {
            "hashes": [
                "sha256:4523eab37ff005d5174083b59382cfd626b7890c08d56ce162a4bd92af7d44df",
                "sha256:f3314c513077dd74329380449338b424cb6fe96fceceb436eabafb5586131cfc"
            ],
            "index": "pypi",
            "version": "==1.17.17"
        },
        "botocore": {
            "hashes": [
                "sha256:178ce315d19fe0ef33e8ce6754a482d009e8d132c5adcc457f5cf1d99a98753b",
                "sha256:931d16867dbb0fa60843204dc88ea01fd9d1ce8c28294ec4865fdf96adddbc29"
            ],
            "version": "==1.20.17"
        },
        "dnspython": {
            "hashes": [
                "sha256:95d12f6ef0317118d2a1a6fc49aac65ffec7eb8087474158f42f26a639135216",
                "sha256:e4a87f0b573201a0f3727fa18a516b055fd1107e0e5477cded4a2de497df1dd4"
            ],
            "version": "==2.1.0"
        },
        "email-validator": {
            "hashes": [
                "sha256:094b1d1c60d790649989d38d34f69e1ef07792366277a2cf88684d03495d018f",
                "sha256:1a13bd6050d1db4475f13e444e169b6fe872434922d38968c67cea9568cce2f0"
            ],
            "version": "==1.1.2"
        },
        "fastjsonschema": {
            "hashes": [
                "sha256:b3da206676f8b4906debf6a17b650b858c92cb304cbe0c8aa81799bde6a6b858",
                "sha256:e1ecba260bcffb7de0dda6aee74261da1e6dccde5ee04c1170b2dd97d2b87676"
            ],
            "version": "==2.15.0"
        },
        "future": {
            "hashes": [
                "sha256:b1bead90b70cf6ec3f0710ae53a525360fa360d306a86583adc6bf83a4db537d"
            ],
            "version": "==0.18.2"
        },
        "idna": {
            "hashes": [
                "sha256:5205d03e7bcbb919cc9c19885f9920d622ca52448306f2377daede5cf3faac16",
                "sha256:c5b02147e01ea9920e6b0a3f1f7bb833612d507592c837a6c49552768f4054e1"
            ],
            "version": "==3.1"
        },
        "importlib-metadata": {
            "hashes": [
                "sha256:24499ffde1b80be08284100393955842be4a59c7c16bbf2738aad0e464a8e0aa",
                "sha256:c6af5dbf1126cd959c4a8d8efd61d4d3c83bddb0459a17e554284a077574b614"
            ],
            "markers": "python_version < '3.8'",
            "version": "==3.7.0"
        },
        "jmespath": {
            "hashes": [
                "sha256:b85d0567b8666149a93172712e68920734333c0ce7e89b78b3e987f71e5ed4f9",
                "sha256:cdf6525904cc597730141d61b36f2e4b8ecc257c420fa2f4549bac2c2d0cb72f"
            ],
            "version": "==0.10.0"
        },
        "jsonpickle": {
            "hashes": [
                "sha256:0be49cba80ea6f87a168aa8168d717d00c6ca07ba83df3cec32d3b30bfe6fb9a",
                "sha256:c1010994c1fbda87a48f8a56698605b598cb0fc6bb7e7927559fc1100e69aeac"
            ],
            "version": "==2.0.0"
        },
        "pydantic": {
            "hashes": [
                "sha256:0b71ca069c16470cb00be0acaf0657eb74cbc4ff5f11b42e79647f170956cda3",
                "sha256:12ed0b175bba65e29dfc5859cd539d3512f58bb776bf620a3d3338501fd0f389",
                "sha256:22fe5756c6c57279234e4c4027a3549507aca29e9ee832d6aa39c367cb43c99f",
                "sha256:26821f61623b01d618bd8b3243f790ac8bd7ae31b388c0e41aa586002cf350eb",
                "sha256:2bc9e9f5d91a29dec53346efc5c719d82297885d89c8a62b971492fba222c68d",
                "sha256:42b8fb1e4e4783c4aa31df44b64714f96aa4deeacbacf3713a8a238ee7df3b2b",
                "sha256:4a83d24bcf9ce8e6fa55c379bba1359461eedb85721bfb3151e240871e2b13a8",
                "sha256:5759a4b276bda5ac2360f00e9b1e711aaac51fabd155b422d27f3339710f4264",
                "sha256:77e04800d19acc2a8fbb95fe3d47ff397ce137aa5a2b32cc23a87bac70dda343",
                "sha256:865410a6df71fb60294887770d19c67d499689f7ce64245182653952cdbd4183",
                "sha256:91baec8ed771d4c53d71ef549d8e36b0f92a31c32296062d562d1d7074dd1d6e",
                "sha256:999cc108933425752e45d1bf2f57d3cf091f2a5e8b9b8afab5b8872d2cc7645f",
                "sha256:a0ff36e3f929d76b91d1624c6673dbdc1407358700d117bb7f29d5696c52d288",
                "sha256:a989924324513215ad2b2cfd187426e6372f76f507b17361142c0b792294960c",
                "sha256:ad2fae68e185cfae5b6d83e7915352ff0b6e5fa84d84bc6a94c3e2de58327114",
                "sha256:b4e03c84f4e96e3880c9d34508cccbd0f0df6e7dc14b17f960ea8c71448823a3",
                "sha256:c26d380af3e9a8eb9abe3b6337cea28f057b5425330817c918cf74d0a0a2303d",
                "sha256:c8a3600435b83a4f28f5379f3bb574576521180f691828268268e9f172f1b1eb",
                "sha256:ccc2ab0a240d01847f3d5f0f9e1582d450a2fc3389db33a7af8e7447b205a935",
                "sha256:d361d181a3fb53ebfdc2fb1e3ca55a6b2ad717578a5e119c99641afd11b31a47",
                "sha256:d5aeab86837f8799df0d84bec1190e6cc0062d5c5374636b5599234f2b39fe0a",
                "sha256:edf37d30ea60179ef067add9772cf42299ea6cd490b3c94335a68f1021944ac4"
            ],
            "version": "==1.8"
        },
        "python-dateutil": {
            "hashes": [
                "sha256:73ebfe9dbf22e832286dafa60473e4cd239f8592f699aa5adaf10050e6e1823c",
                "sha256:75bb3f31ea686f1197762692a9ee6a7550b59fc6ca3a1f4b5d7e32fb98e2da2a"
            ],
            "version": "==2.8.1"
        },
        "s3transfer": {
            "hashes": [
                "sha256:1e28620e5b444652ed752cf87c7e0cb15b0e578972568c6609f0f18212f259ed",
                "sha256:7fdddb4f22275cf1d32129e21f056337fd2a80b6ccef1664528145b72c49e6d2"
            ],
            "version": "==0.3.4"
        },
        "six": {
            "hashes": [
                "sha256:30639c035cdb23534cd4aa2dd52c3bf48f06e5f4a941509c8bafd8ce11080259",
                "sha256:8b74bedcbbbaca38ff6d7491d76f2b06b3592611af620f8426e82dddb04a5ced"
            ],
            "version": "==1.15.0"
        },
        "typing-extensions": {
            "hashes": [
                "sha256:7cb407020f00f7bfc3cb3e7881628838e69d8f3fcab2f64742a5e76b2f841918",
                "sha256:99d4073b617d30288f569d3f13d2bd7548c3a7e4c8de87db09a9d29bb3a4a60c",
                "sha256:dafc7639cde7f1b6e1acc0f457842a83e722ccca8eef5270af2d74792619a89f"
            ],
            "index": "pypi",
            "version": "==3.7.4.3"
        },
        "urllib3": {
            "hashes": [
                "sha256:1b465e494e3e0d8939b50680403e3aedaa2bc434b7d5af64dfd3c958d7f5ae80",
                "sha256:de3eedaad74a2683334e282005cd8d7f22f4d55fa690a2a1020a416cb0a47e73"
            ],
            "version": "==1.26.3"
        },
        "wrapt": {
            "hashes": [
                "sha256:b62ffa81fb85f4332a4f609cab4ac40709470da05643a082ec1eb88e6d9b97d7"
            ],
            "version": "==1.12.1"
        },
        "zipp": {
            "hashes": [
                "sha256:102c24ef8f171fd729d46599845e95c7ab894a4cf45f5de11a44cc7444fb1108",
                "sha256:ed5eee1974372595f9e416cc7bbeeb12335201d8081ca8a0743c954d4446e5cb"
            ],
            "version": "==3.4.0"
        }
    },
    "develop": {
        "attrs": {
            "hashes": [
                "sha256:31b2eced602aa8423c2aea9c76a724617ed67cf9513173fd3a4f03e3a929c7e6",
                "sha256:832aa3cde19744e49938b91fea06d69ecb9e649c93ba974535d08ad92164f700"
            ],
            "version": "==20.3.0"
        },
        "importlib-metadata": {
            "hashes": [
                "sha256:24499ffde1b80be08284100393955842be4a59c7c16bbf2738aad0e464a8e0aa",
                "sha256:c6af5dbf1126cd959c4a8d8efd61d4d3c83bddb0459a17e554284a077574b614"
            ],
            "markers": "python_version < '3.8'",
            "version": "==3.7.0"
        },
        "iniconfig": {
            "hashes": [
                "sha256:011e24c64b7f47f6ebd835bb12a743f2fbe9a26d4cecaa7f53bc4f35ee9da8b3",
                "sha256:bc3af051d7d14b2ee5ef9969666def0cd1a000e121eaea580d4a313df4b37f32"
            ],
            "version": "==1.1.1"
        },
        "packaging": {
            "hashes": [
                "sha256:5b327ac1320dc863dca72f4514ecc086f31186744b84a230374cc1fd776feae5",
                "sha256:67714da7f7bc052e064859c05c595155bd1ee9f69f76557e21f051443c20947a"
            ],
            "version": "==20.9"
        },
        "pluggy": {
            "hashes": [
                "sha256:15b2acde666561e1298d71b523007ed7364de07029219b604cf808bfa1c765b0",
                "sha256:966c145cd83c96502c3c3868f50408687b38434af77734af1e9ca461a4081d2d"
            ],
            "version": "==0.13.1"
        },
        "py": {
            "hashes": [
                "sha256:21b81bda15b66ef5e1a777a21c4dcd9c20ad3efd0b3f817e7a809035269e1bd3",
                "sha256:3b80836aa6d1feeaa108e046da6423ab8f6ceda6468545ae8d02d9d58d18818a"
            ],
            "version": "==1.10.0"
        },
        "pyparsing": {
            "hashes": [
                "sha256:c203ec8783bf771a155b207279b9bccb8dea02d8f0c9e5f8ead507bc3246ecc1",
                "sha256:ef9d7589ef3c200abe66653d3f1ab1033c3c419ae9b9bdb1240a85b024efc88b"
            ],
            "version": "==2.4.7"
        },
        "pytest": {
            "hashes": [
                "sha256:9d1edf9e7d0b84d72ea3dbcdfd22b35fb543a5e8f2a60092dd578936bf63d7f9",
                "sha256:b574b57423e818210672e07ca1fa90aaf194a4f63f3ab909a2c67ebb22913839"
            ],
            "index": "pypi",
            "version": "==6.2.2"
        },
        "pytest-mock": {
            "hashes": [
                "sha256:379b391cfad22422ea2e252bdfc008edd08509029bcde3c25b2c0bd741e0424e",
                "sha256:a1e2aba6af9560d313c642dae7e00a2a12b022b80301d9d7fc8ec6858e1dd9fc"
            ],
            "index": "pypi",
            "version": "==3.5.1"
        },
        "toml": {
            "hashes": [
                "sha256:806143ae5bfb6a3c6e736a764057db0e6a0e05e338b5630894a5f779cabb4f9b",
                "sha256:b3bda1d108d5dd99f4a20d24d9c348e91c4db7ab1b749200bded2f839ccbe68f"
            ],
            "version": "==0.10.2"
        },
        "typing-extensions": {
            "hashes": [
                "sha256:7cb407020f00f7bfc3cb3e7881628838e69d8f3fcab2f64742a5e76b2f841918",
                "sha256:99d4073b617d30288f569d3f13d2bd7548c3a7e4c8de87db09a9d29bb3a4a60c",
                "sha256:dafc7639cde7f1b6e1acc0f457842a83e722ccca8eef5270af2d74792619a89f"
            ],
            "index": "pypi",
            "version": "==3.7.4.3"
        },
        "zipp": {
            "hashes": [
                "sha256:102c24ef8f171fd729d46599845e95c7ab894a4cf45f5de11a44cc7444fb1108",
                "sha256:ed5eee1974372595f9e416cc7bbeeb12335201d8081ca8a0743c954d4446e5cb"
            ],
            "version": "==3.4.0"
        }
    }
}
